
Microsoft Visual Studio Solution File, Format Version 12.00
# Visual Studio Version 17
VisualStudioVersion = 17.3.32519.111
MinimumVisualStudioVersion = 10.0.40219.1
Project("{FAE04EC0-301F-11D3-BF4B-00C04F79EFBC}") = "BlazorServerSample", "BlazorServerSample\BlazorServerSample.csproj", "{011AF3DD-5101-45A4-9DD1-26EBD08F761B}"
EndProject
Global
	GlobalSection(SolutionConfigurationPlatforms) = preSolution
		Debug|Any CPU = Debug|Any CPU
		Release|Any CPU = Release|Any CPU
	EndGlobalSection
	GlobalSection(ProjectConfigurationPlatforms) = postSolution
		{011AF3DD-5101-45A4-9DD1-26EBD08F761B}.Debug|Any CPU.ActiveCfg = Debug|Any CPU
		{011AF3DD-5101-45A4-9DD1-26EBD08F761B}.Debug|Any CPU.Build.0 = Debug|Any CPU
		{011AF3DD-5101-45A4-9DD1-26EBD08F761B}.Release|Any CPU.ActiveCfg = Release|Any CPU
		{011AF3DD-5101-45A4-9DD1-26EBD08F761B}.Release|Any CPU.Build.0 = Release|Any CPU
	EndGlobalSection
	GlobalSection(SolutionProperties) = preSolution
		HideSolutionNode = FALSE
	EndGlobalSection
	GlobalSection(ExtensibilityGlobals) = postSolution
		SolutionGuid = {4C128354-201F-46B1-93FE-5AFAEB156F96}
	EndGlobalSection
EndGlobal
